
Microsoft Visual Studio Solution File, Format Version 12.00
Project("{FAE04EC0-301F-11D3-BF4B-00C04F79EFBC}") = "Cultural-Center", "Cultural-Center\Cultural-Center.csproj", "{7613FAF4-836C-415F-8515-6A0864207CF5}"
EndProject
Global
	GlobalSection(SolutionConfigurationPlatforms) = preSolution
		Debug|Any CPU = Debug|Any CPU
		Release|Any CPU = Release|Any CPU
	EndGlobalSection
	GlobalSection(ProjectConfigurationPlatforms) = postSolution
		{7613FAF4-836C-415F-8515-6A0864207CF5}.Debug|Any CPU.ActiveCfg = Debug|Any CPU
		{7613FAF4-836C-415F-8515-6A0864207CF5}.Debug|Any CPU.Build.0 = Debug|Any CPU
		{7613FAF4-836C-415F-8515-6A0864207CF5}.Release|Any CPU.ActiveCfg = Release|Any CPU
		{7613FAF4-836C-415F-8515-6A0864207CF5}.Release|Any CPU.Build.0 = Release|Any CPU
	EndGlobalSection
EndGlobal
